# This file is automatically @generated by Cargo.
# It is not intended for manual editing.
version = 4

[[package]]
name = "client-config"
version = "0.1.0"

[[package]]
name = "client-core"
version = "0.1.0"

[[package]]
name = "cloud-api"
version = "0.1.0"

[[package]]
name = "cloud-auth"
version = "0.1.0"

[[package]]
name = "cloud-chunks"
version = "0.1.0"

[[package]]
name = "cloud-database"
version = "0.1.0"

[[package]]
name = "cloud-manifests"
version = "0.1.0"

[[package]]
name = "cloud-metadata"
version = "0.1.0"

[[package]]
name = "cloud-versions"
version = "0.1.0"

[[package]]
name = "contracts"
version = "0.1.0"

[[package]]
name = "faults"
version = "0.1.0"

[[package]]
name = "objectstore"
version = "0.1.0"

[[package]]
name = "space-client"
version = "0.1.0"

[[package]]
name = "tests-generators"
version = "0.1.0"

[[package]]
name = "tests-harness"
version = "0.1.0"

[[package]]
name = "tools-corruptor"
version = "0.1.0"

[[package]]
name = "tools-fixturegen"
version = "0.1.0"
